
Microsoft Visual Studio Solution File, Format Version 12.00
# Visual Studio 15
VisualStudioVersion = 15.0.28307.705
MinimumVisualStudioVersion = 10.0.40219.1
Project("{9A19103F-16F7-4668-BE54-9A1E7A4F7556}") = "JWTAuthentication", "JWTAuthentication\JWTAuthentication.csproj", "{4D7ED323-EE52-4A4B-9F7C-1301A496E390}"
EndProject
Project("{FAE04EC0-301F-11D3-BF4B-00C04F79EFBC}") = "ClientApp", "ClientApp\ClientApp.csproj", "{4A6848D4-DCD5-4FF6-BCCB-231AE7173BB1}"
EndProject
Global
	GlobalSection(SolutionConfigurationPlatforms) = preSolution
		Debug|Any CPU = Debug|Any CPU
		Release|Any CPU = Release|Any CPU
	EndGlobalSection
	GlobalSection(ProjectConfigurationPlatforms) = postSolution
		{4D7ED323-EE52-4A4B-9F7C-1301A496E390}.Debug|Any CPU.ActiveCfg = Debug|Any CPU
		{4D7ED323-EE52-4A4B-9F7C-1301A496E390}.Debug|Any CPU.Build.0 = Debug|Any CPU
		{4D7ED323-EE52-4A4B-9F7C-1301A496E390}.Release|Any CPU.ActiveCfg = Release|Any CPU
		{4D7ED323-EE52-4A4B-9F7C-1301A496E390}.Release|Any CPU.Build.0 = Release|Any CPU
		{4A6848D4-DCD5-4FF6-BCCB-231AE7173BB1}.Debug|Any CPU.ActiveCfg = Debug|Any CPU
		{4A6848D4-DCD5-4FF6-BCCB-231AE7173BB1}.Debug|Any CPU.Build.0 = Debug|Any CPU
		{4A6848D4-DCD5-4FF6-BCCB-231AE7173BB1}.Release|Any CPU.ActiveCfg = Release|Any CPU
		{4A6848D4-DCD5-4FF6-BCCB-231AE7173BB1}.Release|Any CPU.Build.0 = Release|Any CPU
	EndGlobalSection
	GlobalSection(SolutionProperties) = preSolution
		HideSolutionNode = FALSE
	EndGlobalSection
	GlobalSection(ExtensibilityGlobals) = postSolution
		SolutionGuid = {0D8B1CD7-6836-49C0-8711-530C108D5610}
	EndGlobalSection
EndGlobal
